// !$*UTF8*$!
{
	archiveVersion = 1;
	classes = {
	};
	objectVersion = 55;
	objects = {

/* Begin PBXBuildFile section */
		2641F3E2286C6C0E00FE1FE4 /* AppDelegate.swift in Sources */ = {isa = PBXBuildFile; fileRef = 2641F3E1286C6C0E00FE1FE4 /* AppDelegate.swift */; };
		2641F3E4286C6C0E00FE1FE4 /* SceneDelegate.swift in Sources */ = {isa = PBXBuildFile; fileRef = 2641F3E3286C6C0E00FE1FE4 /* SceneDelegate.swift */; };
		2641F3E6286C6C0E00FE1FE4 /* ViewController.swift in Sources */ = {isa = PBXBuildFile; fileRef = 2641F3E5286C6C0E00FE1FE4 /* ViewController.swift */; };
		2641F3E9286C6C0E00FE1FE4 /* Main.storyboard in Resources */ = {isa = PBXBuildFile; fileRef = 2641F3E7286C6C0E00FE1FE4 /* Main.storyboard */; };
		2641F3EB286C6C1000FE1FE4 /* Assets.xcassets in Resources */ = {isa = PBXBuildFile; fileRef = 2641F3EA286C6C1000FE1FE4 /* Assets.xcassets */; };
		2641F3EE286C6C1000FE1FE4 /* LaunchScreen.storyboard in Resources */ = {isa = PBXBuildFile; fileRef = 2641F3EC286C6C1000FE1FE4 /* LaunchScreen.storyboard */; };
		2641F3F6286C6E9A00FE1FE4 /* MoviesList.storyboard in Resources */ = {isa = PBXBuildFile; fileRef = 2641F3F5286C6E9A00FE1FE4 /* MoviesList.storyboard */; };
		2641F3F8286C725300FE1FE4 /* Characters.storyboard in Resources */ = {isa = PBXBuildFile; fileRef = 2641F3F7286C725300FE1FE4 /* Characters.storyboard */; };
		2641F3FA286C7AF200FE1FE4 /* MoviesCell.swift in Sources */ = {isa = PBXBuildFile; fileRef = 2641F3F9286C7AF200FE1FE4 /* MoviesCell.swift */; };
		2641F400286C81AB00FE1FE4 /* MovieDetail.storyboard in Resources */ = {isa = PBXBuildFile; fileRef = 2641F3FF286C81AB00FE1FE4 /* MovieDetail.storyboard */; };
		2641F402286C92DD00FE1FE4 /* CharacterListViewControler.swift in Sources */ = {isa = PBXBuildFile; fileRef = 2641F401286C92DD00FE1FE4 /* CharacterListViewControler.swift */; };
		2641F405286C94B900FE1FE4 /* CharacterCell.swift in Sources */ = {isa = PBXBuildFile; fileRef = 2641F404286C94B900FE1FE4 /* CharacterCell.swift */; };
		26E10645286CBD1E00CAD5AB /* MoviesTableViewController.swift in Sources */ = {isa = PBXBuildFile; fileRef = 26E10644286CBD1E00CAD5AB /* MoviesTableViewController.swift */; };
		26E1064A286CE74A00CAD5AB /* MovieDetailViewController.swift in Sources */ = {isa = PBXBuildFile; fileRef = 26E10649286CE74A00CAD5AB /* MovieDetailViewController.swift */; };
		26E1064D286D0BDD00CAD5AB /* CharacterDetail.storyboard in Resources */ = {isa = PBXBuildFile; fileRef = 26E1064C286D0BDD00CAD5AB /* CharacterDetail.storyboard */; };
		26E1064F286D0D2900CAD5AB /* CharacterDetailViewController.swift in Sources */ = {isa = PBXBuildFile; fileRef = 26E1064E286D0D2900CAD5AB /* CharacterDetailViewController.swift */; };
/* End PBXBuildFile section */

/* Begin PBXFileReference section */
		2641F3DE286C6C0E00FE1FE4 /* AvengersAPP.app */ = {isa = PBXFileReference; explicitFileType = wrapper.application; includeInIndex = 0; path = AvengersAPP.app; sourceTree = BUILT_PRODUCTS_DIR; };
		2641F3E1286C6C0E00FE1FE4 /* AppDelegate.swift */ = {isa = PBXFileReference; lastKnownFileType = sourcecode.swift; path = AppDelegate.swift; sourceTree = "<group>"; };
		2641F3E3286C6C0E00FE1FE4 /* SceneDelegate.swift */ = {isa = PBXFileReference; lastKnownFileType = sourcecode.swift; path = SceneDelegate.swift; sourceTree = "<group>"; };
		2641F3E5286C6C0E00FE1FE4 /* ViewController.swift */ = {isa = PBXFileReference; lastKnownFileType = sourcecode.swift; path = ViewController.swift; sourceTree = "<group>"; };
		2641F3E8286C6C0E00FE1FE4 /* Base */ = {isa = PBXFileReference; lastKnownFileType = file.storyboard; name = Base; path = Base.lproj/Main.storyboard; sourceTree = "<group>"; };
		2641F3EA286C6C1000FE1FE4 /* Assets.xcassets */ = {isa = PBXFileReference; lastKnownFileType = folder.assetcatalog; path = Assets.xcassets; sourceTree = "<group>"; };
		2641F3ED286C6C1000FE1FE4 /* Base */ = {isa = PBXFileReference; lastKnownFileType = file.storyboard; name = Base; path = Base.lproj/LaunchScreen.storyboard; sourceTree = "<group>"; };
		2641F3EF286C6C1000FE1FE4 /* Info.plist */ = {isa = PBXFileReference; lastKnownFileType = text.plist.xml; path = Info.plist; sourceTree = "<group>"; };
		2641F3F5286C6E9A00FE1FE4 /* MoviesList.storyboard */ = {isa = PBXFileReference; lastKnownFileType = file.storyboard; path = MoviesList.storyboard; sourceTree = "<group>"; };
		2641F3F7286C725300FE1FE4 /* Characters.storyboard */ = {isa = PBXFileReference; lastKnownFileType = file.storyboard; path = Characters.storyboard; sourceTree = "<group>"; };
		2641F3F9286C7AF200FE1FE4 /* MoviesCell.swift */ = {isa = PBXFileReference; lastKnownFileType = sourcecode.swift; path = MoviesCell.swift; sourceTree = "<group>"; };
		2641F3FF286C81AB00FE1FE4 /* MovieDetail.storyboard */ = {isa = PBXFileReference; lastKnownFileType = file.storyboard; path = MovieDetail.storyboard; sourceTree = "<group>"; };
		2641F401286C92DD00FE1FE4 /* CharacterListViewControler.swift */ = {isa = PBXFileReference; lastKnownFileType = sourcecode.swift; path = CharacterListViewControler.swift; sourceTree = "<group>"; };
		2641F404286C94B900FE1FE4 /* CharacterCell.swift */ = {isa = PBXFileReference; lastKnownFileType = sourcecode.swift; path = CharacterCell.swift; sourceTree = "<group>"; };
		26E10644286CBD1E00CAD5AB /* MoviesTableViewController.swift */ = {isa = PBXFileReference; lastKnownFileType = sourcecode.swift; path = MoviesTableViewController.swift; sourceTree = "<group>"; };
		26E10649286CE74A00CAD5AB /* MovieDetailViewController.swift */ = {isa = PBXFileReference; lastKnownFileType = sourcecode.swift; path = MovieDetailViewController.swift; sourceTree = "<group>"; };
		26E1064C286D0BDD00CAD5AB /* CharacterDetail.storyboard */ = {isa = PBXFileReference; lastKnownFileType = file.storyboard; path = CharacterDetail.storyboard; sourceTree = "<group>"; };
		26E1064E286D0D2900CAD5AB /* CharacterDetailViewController.swift */ = {isa = PBXFileReference; lastKnownFileType = sourcecode.swift; path = CharacterDetailViewController.swift; sourceTree = "<group>"; };
/* End PBXFileReference section */

/* Begin PBXFrameworksBuildPhase section */
		2641F3DB286C6C0E00FE1FE4 /* Frameworks */ = {
			isa = PBXFrameworksBuildPhase;
			buildActionMask = 2147483647;
			files = (
			);
			runOnlyForDeploymentPostprocessing = 0;
		};
/* End PBXFrameworksBuildPhase section */

/* Begin PBXGroup section */
		2641F3D5286C6C0D00FE1FE4 = {
			isa = PBXGroup;
			children = (
				2641F3E0286C6C0E00FE1FE4 /* AvengersAPP */,
				2641F3DF286C6C0E00FE1FE4 /* Products */,
			);
			sourceTree = "<group>";
		};
		2641F3DF286C6C0E00FE1FE4 /* Products */ = {
			isa = PBXGroup;
			children = (
				2641F3DE286C6C0E00FE1FE4 /* AvengersAPP.app */,
			);
			name = Products;
			sourceTree = "<group>";
		};
		2641F3E0286C6C0E00FE1FE4 /* AvengersAPP */ = {
			isa = PBXGroup;
			children = (
				2641F3FD286C7D1300FE1FE4 /* MoviesList */,
				2641F3FC286C7D0600FE1FE4 /* CharactersList */,
				2641F3FB286C7CC100FE1FE4 /* TabBar */,
				2641F3E1286C6C0E00FE1FE4 /* AppDelegate.swift */,
				2641F3E3286C6C0E00FE1FE4 /* SceneDelegate.swift */,
				2641F3E5286C6C0E00FE1FE4 /* ViewController.swift */,
				2641F3EA286C6C1000FE1FE4 /* Assets.xcassets */,
				2641F3EC286C6C1000FE1FE4 /* LaunchScreen.storyboard */,
				2641F3EF286C6C1000FE1FE4 /* Info.plist */,
			);
			path = AvengersAPP;
			sourceTree = "<group>";
		};
		2641F3FB286C7CC100FE1FE4 /* TabBar */ = {
			isa = PBXGroup;
			children = (
				2641F3E7286C6C0E00FE1FE4 /* Main.storyboard */,
			);
			path = TabBar;
			sourceTree = "<group>";
		};
		2641F3FC286C7D0600FE1FE4 /* CharactersList */ = {
			isa = PBXGroup;
			children = (
				26E1064B286D0BB700CAD5AB /* CharacterDetail */,
				2641F403286C945800FE1FE4 /* CharacterCell */,
				2641F3F7286C725300FE1FE4 /* Characters.storyboard */,
				2641F401286C92DD00FE1FE4 /* CharacterListViewControler.swift */,
			);
			path = CharactersList;
			sourceTree = "<group>";
		};
		2641F3FD286C7D1300FE1FE4 /* MoviesList */ = {
			isa = PBXGroup;
			children = (
				2641F3FE286C818D00FE1FE4 /* MovieDetail */,
				26E10646286CBD6B00CAD5AB /* MovieItem */,
				2641F3F5286C6E9A00FE1FE4 /* MoviesList.storyboard */,
				26E10644286CBD1E00CAD5AB /* MoviesTableViewController.swift */,
			);
			path = MoviesList;
			sourceTree = "<group>";
		};
		2641F3FE286C818D00FE1FE4 /* MovieDetail */ = {
			isa = PBXGroup;
			children = (
				2641F3FF286C81AB00FE1FE4 /* MovieDetail.storyboard */,
				26E10649286CE74A00CAD5AB /* MovieDetailViewController.swift */,
			);
			path = MovieDetail;
			sourceTree = "<group>";
		};
		2641F403286C945800FE1FE4 /* CharacterCell */ = {
			isa = PBXGroup;
			children = (
				2641F404286C94B900FE1FE4 /* CharacterCell.swift */,
			);
			path = CharacterCell;
			sourceTree = "<group>";
		};
		26E10646286CBD6B00CAD5AB /* MovieItem */ = {
			isa = PBXGroup;
			children = (
				2641F3F9286C7AF200FE1FE4 /* MoviesCell.swift */,
			);
			path = MovieItem;
			sourceTree = "<group>";
		};
		26E1064B286D0BB700CAD5AB /* CharacterDetail */ = {
			isa = PBXGroup;
			children = (
				26E1064C286D0BDD00CAD5AB /* CharacterDetail.storyboard */,
				26E1064E286D0D2900CAD5AB /* CharacterDetailViewController.swift */,
			);
			path = CharacterDetail;
			sourceTree = "<group>";
		};
/* End PBXGroup section */

/* Begin PBXNativeTarget section */
		2641F3DD286C6C0E00FE1FE4 /* AvengersAPP */ = {
			isa = PBXNativeTarget;
			buildConfigurationList = 2641F3F2286C6C1000FE1FE4 /* Build configuration list for PBXNativeTarget "AvengersAPP" */;
			buildPhases = (
				2641F3DA286C6C0E00FE1FE4 /* Sources */,
				2641F3DB286C6C0E00FE1FE4 /* Frameworks */,
				2641F3DC286C6C0E00FE1FE4 /* Resources */,
			);
			buildRules = (
			);
			dependencies = (
			);
			name = AvengersAPP;
			productName = AvengersAPP;
			productReference = 2641F3DE286C6C0E00FE1FE4 /* AvengersAPP.app */;
			productType = "com.apple.product-type.application";
		};
/* End PBXNativeTarget section */

/* Begin PBXProject section */
		2641F3D6286C6C0D00FE1FE4 /* Project object */ = {
			isa = PBXProject;
			attributes = {
				BuildIndependentTargetsInParallel = 1;
				LastSwiftUpdateCheck = 1340;
				LastUpgradeCheck = 1340;
				TargetAttributes = {
					2641F3DD286C6C0E00FE1FE4 = {
						CreatedOnToolsVersion = 13.4.1;
					};
				};
			};
			buildConfigurationList = 2641F3D9286C6C0D00FE1FE4 /* Build configuration list for PBXProject "AvengersAPP" */;
			compatibilityVersion = "Xcode 13.0";
			developmentRegion = en;
			hasScannedForEncodings = 0;
			knownRegions = (
				en,
				Base,
			);
			mainGroup = 2641F3D5286C6C0D00FE1FE4;
			productRefGroup = 2641F3DF286C6C0E00FE1FE4 /* Products */;
			projectDirPath = "";
			projectRoot = "";
			targets = (
				2641F3DD286C6C0E00FE1FE4 /* AvengersAPP */,
			);
		};
/* End PBXProject section */

/* Begin PBXResourcesBuildPhase section */
		2641F3DC286C6C0E00FE1FE4 /* Resources */ = {
			isa = PBXResourcesBuildPhase;
			buildActionMask = 2147483647;
			files = (
				26E1064D286D0BDD00CAD5AB /* CharacterDetail.storyboard in Resources */,
				2641F400286C81AB00FE1FE4 /* MovieDetail.storyboard in Resources */,
				2641F3EE286C6C1000FE1FE4 /* LaunchScreen.storyboard in Resources */,
				2641F3EB286C6C1000FE1FE4 /* Assets.xcassets in Resources */,
				2641F3E9286C6C0E00FE1FE4 /* Main.storyboard in Resources */,
				2641F3F6286C6E9A00FE1FE4 /* MoviesList.storyboard in Resources */,
				2641F3F8286C725300FE1FE4 /* Characters.storyboard in Resources */,
			);
			runOnlyForDeploymentPostprocessing = 0;
		};
/* End PBXResourcesBuildPhase section */

/* Begin PBXSourcesBuildPhase section */
		2641F3DA286C6C0E00FE1FE4 /* Sources */ = {
			isa = PBXSourcesBuildPhase;
			buildActionMask = 2147483647;
			files = (
				26E10645286CBD1E00CAD5AB /* MoviesTableViewController.swift in Sources */,
				2641F405286C94B900FE1FE4 /* CharacterCell.swift in Sources */,
				2641F3E6286C6C0E00FE1FE4 /* ViewController.swift in Sources */,
				2641F3E2286C6C0E00FE1FE4 /* AppDelegate.swift in Sources */,
				26E1064A286CE74A00CAD5AB /* MovieDetailViewController.swift in Sources */,
				2641F402286C92DD00FE1FE4 /* CharacterListViewControler.swift in Sources */,
				2641F3FA286C7AF200FE1FE4 /* MoviesCell.swift in Sources */,
				26E1064F286D0D2900CAD5AB /* CharacterDetailViewController.swift in Sources */,
				2641F3E4286C6C0E00FE1FE4 /* SceneDelegate.swift in Sources */,
			);
			runOnlyForDeploymentPostprocessing = 0;
		};
/* End PBXSourcesBuildPhase section */

/* Begin PBXVariantGroup section */
		2641F3E7286C6C0E00FE1FE4 /* Main.storyboard */ = {
			isa = PBXVariantGroup;
			children = (
				2641F3E8286C6C0E00FE1FE4 /* Base */,
			);
			name = Main.storyboard;
			sourceTree = "<group>";
		};
		2641F3EC286C6C1000FE1FE4 /* LaunchScreen.storyboard */ = {
			isa = PBXVariantGroup;
			children = (
				2641F3ED286C6C1000FE1FE4 /* Base */,
			);
			name = LaunchScreen.storyboard;
			sourceTree = "<group>";
		};
/* End PBXVariantGroup section */

/* Begin XCBuildConfiguration section */
		2641F3F0286C6C1000FE1FE4 /* Debug */ = {
			isa = XCBuildConfiguration;
			buildSettings = {
				ALWAYS_SEARCH_USER_PATHS = NO;
				CLANG_ANALYZER_NONNULL = YES;
				CLANG_ANALYZER_NUMBER_OBJECT_CONVERSION = YES_AGGRESSIVE;
				CLANG_CXX_LANGUAGE_STANDARD = "gnu++17";
				CLANG_ENABLE_MODULES = YES;
				CLANG_ENABLE_OBJC_ARC = YES;
				CLANG_ENABLE_OBJC_WEAK = YES;
				CLANG_WARN_BLOCK_CAPTURE_AUTORELEASING = YES;
				CLANG_WARN_BOOL_CONVERSION = YES;
				CLANG_WARN_COMMA = YES;
				CLANG_WARN_CONSTANT_CONVERSION = YES;
				CLANG_WARN_DEPRECATED_OBJC_IMPLEMENTATIONS = YES;
				CLANG_WARN_DIRECT_OBJC_ISA_USAGE = YES_ERROR;
				CLANG_WARN_DOCUMENTATION_COMMENTS = YES;
				CLANG_WARN_EMPTY_BODY = YES;
				CLANG_WARN_ENUM_CONVERSION = YES;
				CLANG_WARN_INFINITE_RECURSION = YES;
				CLANG_WARN_INT_CONVERSION = YES;
				CLANG_WARN_NON_LITERAL_NULL_CONVERSION = YES;
				CLANG_WARN_OBJC_IMPLICIT_RETAIN_SELF = YES;
				CLANG_WARN_OBJC_LITERAL_CONVERSION = YES;
				CLANG_WARN_OBJC_ROOT_CLASS = YES_ERROR;
				CLANG_WARN_QUOTED_INCLUDE_IN_FRAMEWORK_HEADER = YES;
				CLANG_WARN_RANGE_LOOP_ANALYSIS = YES;
				CLANG_WARN_STRICT_PROTOTYPES = YES;
				CLANG_WARN_SUSPICIOUS_MOVE = YES;
				CLANG_WARN_UNGUARDED_AVAILABILITY = YES_AGGRESSIVE;
				CLANG_WARN_UNREACHABLE_CODE = YES;
				CLANG_WARN__DUPLICATE_METHOD_MATCH = YES;
				COPY_PHASE_STRIP = NO;
				DEBUG_INFORMATION_FORMAT = dwarf;
				ENABLE_STRICT_OBJC_MSGSEND = YES;
				ENABLE_TESTABILITY = YES;
				GCC_C_LANGUAGE_STANDARD = gnu11;
				GCC_DYNAMIC_NO_PIC = NO;
				GCC_NO_COMMON_BLOCKS = YES;
				GCC_OPTIMIZATION_LEVEL = 0;
				GCC_PREPROCESSOR_DEFINITIONS = (
					"DEBUG=1",
					"$(inherited)",
				);
				GCC_WARN_64_TO_32_BIT_CONVERSION = YES;
				GCC_WARN_ABOUT_RETURN_TYPE = YES_ERROR;
				GCC_WARN_UNDECLARED_SELECTOR = YES;
				GCC_WARN_UNINITIALIZED_AUTOS = YES_AGGRESSIVE;
				GCC_WARN_UNUSED_FUNCTION = YES;
				GCC_WARN_UNUSED_VARIABLE = YES;
				IPHONEOS_DEPLOYMENT_TARGET = 15.5;
				MTL_ENABLE_DEBUG_INFO = INCLUDE_SOURCE;
				MTL_FAST_MATH = YES;
				ONLY_ACTIVE_ARCH = YES;
				SDKROOT = iphoneos;
				SWIFT_ACTIVE_COMPILATION_CONDITIONS = DEBUG;
				SWIFT_OPTIMIZATION_LEVEL = "-Onone";
			};
			name = Debug;
		};
		2641F3F1286C6C1000FE1FE4 /* Release */ = {
			isa = XCBuildConfiguration;
			buildSettings = {
				ALWAYS_SEARCH_USER_PATHS = NO;
				CLANG_ANALYZER_NONNULL = YES;
				CLANG_ANALYZER_NUMBER_OBJECT_CONVERSION = YES_AGGRESSIVE;
				CLANG_CXX_LANGUAGE_STANDARD = "gnu++17";
				CLANG_ENABLE_MODULES = YES;
				CLANG_ENABLE_OBJC_ARC = YES;
				CLANG_ENABLE_OBJC_WEAK = YES;
				CLANG_WARN_BLOCK_CAPTURE_AUTORELEASING = YES;
				CLANG_WARN_BOOL_CONVERSION = YES;
				CLANG_WARN_COMMA = YES;
				CLANG_WARN_CONSTANT_CONVERSION = YES;
				CLANG_WARN_DEPRECATED_OBJC_IMPLEMENTATIONS = YES;
				CLANG_WARN_DIRECT_OBJC_ISA_USAGE = YES_ERROR;
				CLANG_WARN_DOCUMENTATION_COMMENTS = YES;
				CLANG_WARN_EMPTY_BODY = YES;
				CLANG_WARN_ENUM_CONVERSION = YES;
				CLANG_WARN_INFINITE_RECURSION = YES;
				CLANG_WARN_INT_CONVERSION = YES;
				CLANG_WARN_NON_LITERAL_NULL_CONVERSION = YES;
				CLANG_WARN_OBJC_IMPLICIT_RETAIN_SELF = YES;
				CLANG_WARN_OBJC_LITERAL_CONVERSION = YES;
				CLANG_WARN_OBJC_ROOT_CLASS = YES_ERROR;
				CLANG_WARN_QUOTED_INCLUDE_IN_FRAMEWORK_HEADER = YES;
				CLANG_WARN_RANGE_LOOP_ANALYSIS = YES;
				CLANG_WARN_STRICT_PROTOTYPES = YES;
				CLANG_WARN_SUSPICIOUS_MOVE = YES;
				CLANG_WARN_UNGUARDED_AVAILABILITY = YES_AGGRESSIVE;
				CLANG_WARN_UNREACHABLE_CODE = YES;
				CLANG_WARN__DUPLICATE_METHOD_MATCH = YES;
				COPY_PHASE_STRIP = NO;
				DEBUG_INFORMATION_FORMAT = "dwarf-with-dsym";
				ENABLE_NS_ASSERTIONS = NO;
				ENABLE_STRICT_OBJC_MSGSEND = YES;
				GCC_C_LANGUAGE_STANDARD = gnu11;
				GCC_NO_COMMON_BLOCKS = YES;
				GCC_WARN_64_TO_32_BIT_CONVERSION = YES;
				GCC_WARN_ABOUT_RETURN_TYPE = YES_ERROR;
				GCC_WARN_UNDECLARED_SELECTOR = YES;
				GCC_WARN_UNINITIALIZED_AUTOS = YES_AGGRESSIVE;
				GCC_WARN_UNUSED_FUNCTION = YES;
				GCC_WARN_UNUSED_VARIABLE = YES;
				IPHONEOS_DEPLOYMENT_TARGET = 15.5;
				MTL_ENABLE_DEBUG_INFO = NO;
				MTL_FAST_MATH = YES;
				SDKROOT = iphoneos;
				SWIFT_COMPILATION_MODE = wholemodule;
				SWIFT_OPTIMIZATION_LEVEL = "-O";
				VALIDATE_PRODUCT = YES;
			};
			name = Release;
		};
		2641F3F3286C6C1000FE1FE4 /* Debug */ = {
			isa = XCBuildConfiguration;
			buildSettings = {
				ASSETCATALOG_COMPILER_APPICON_NAME = AppIcon;
				ASSETCATALOG_COMPILER_GLOBAL_ACCENT_COLOR_NAME = AccentColor;
				CODE_SIGN_STYLE = Automatic;
				CURRENT_PROJECT_VERSION = 1;
				DEVELOPMENT_TEAM = F9QA4T4B5C;
				GENERATE_INFOPLIST_FILE = YES;
				INFOPLIST_FILE = AvengersAPP/Info.plist;
				INFOPLIST_KEY_UIApplicationSupportsIndirectInputEvents = YES;
				INFOPLIST_KEY_UILaunchStoryboardName = LaunchScreen;
				INFOPLIST_KEY_UIMainStoryboardFile = Main;
				INFOPLIST_KEY_UISupportedInterfaceOrientations_iPad = "UIInterfaceOrientationPortrait UIInterfaceOrientationPortraitUpsideDown UIInterfaceOrientationLandscapeLeft UIInterfaceOrientationLandscapeRight";
				INFOPLIST_KEY_UISupportedInterfaceOrientations_iPhone = "UIInterfaceOrientationPortrait UIInterfaceOrientationLandscapeLeft UIInterfaceOrientationLandscapeRight";
				LD_RUNPATH_SEARCH_PATHS = (
					"$(inherited)",
					"@executable_path/Frameworks",
				);
				MARKETING_VERSION = 1.0;
				PRODUCT_BUNDLE_IDENTIFIER = com.franalarza.AvengersAPP;
				PRODUCT_NAME = "$(TARGET_NAME)";
				SWIFT_EMIT_LOC_STRINGS = YES;
				SWIFT_VERSION = 5.0;
				TARGETED_DEVICE_FAMILY = "1,2";
			};
			name = Debug;
		};
		2641F3F4286C6C1000FE1FE4 /* Release */ = {
			isa = XCBuildConfiguration;
			buildSettings = {
				ASSETCATALOG_COMPILER_APPICON_NAME = AppIcon;
				ASSETCATALOG_COMPILER_GLOBAL_ACCENT_COLOR_NAME = AccentColor;
				CODE_SIGN_STYLE = Automatic;
				CURRENT_PROJECT_VERSION = 1;
				DEVELOPMENT_TEAM = F9QA4T4B5C;
				GENERATE_INFOPLIST_FILE = YES;
				INFOPLIST_FILE = AvengersAPP/Info.plist;
				INFOPLIST_KEY_UIApplicationSupportsIndirectInputEvents = YES;
				INFOPLIST_KEY_UILaunchStoryboardName = LaunchScreen;
				INFOPLIST_KEY_UIMainStoryboardFile = Main;
				INFOPLIST_KEY_UISupportedInterfaceOrientations_iPad = "UIInterfaceOrientationPortrait UIInterfaceOrientationPortraitUpsideDown UIInterfaceOrientationLandscapeLeft UIInterfaceOrientationLandscapeRight";
				INFOPLIST_KEY_UISupportedInterfaceOrientations_iPhone = "UIInterfaceOrientationPortrait UIInterfaceOrientationLandscapeLeft UIInterfaceOrientationLandscapeRight";
				LD_RUNPATH_SEARCH_PATHS = (
					"$(inherited)",
					"@executable_path/Frameworks",
				);
				MARKETING_VERSION = 1.0;
				PRODUCT_BUNDLE_IDENTIFIER = com.franalarza.AvengersAPP;
				PRODUCT_NAME = "$(TARGET_NAME)";
				SWIFT_EMIT_LOC_STRINGS = YES;
				SWIFT_VERSION = 5.0;
				TARGETED_DEVICE_FAMILY = "1,2";
			};
			name = Release;
		};
/* End XCBuildConfiguration section */

/* Begin XCConfigurationList section */
		2641F3D9286C6C0D00FE1FE4 /* Build configuration list for PBXProject "AvengersAPP" */ = {
			isa = XCConfigurationList;
			buildConfigurations = (
				2641F3F0286C6C1000FE1FE4 /* Debug */,
				2641F3F1286C6C1000FE1FE4 /* Release */,
			);
			defaultConfigurationIsVisible = 0;
			defaultConfigurationName = Release;
		};
		2641F3F2286C6C1000FE1FE4 /* Build configuration list for PBXNativeTarget "AvengersAPP" */ = {
			isa = XCConfigurationList;
			buildConfigurations = (
				2641F3F3286C6C1000FE1FE4 /* Debug */,
				2641F3F4286C6C1000FE1FE4 /* Release */,
			);
			defaultConfigurationIsVisible = 0;
			defaultConfigurationName = Release;
		};
/* End XCConfigurationList section */
	};
	rootObject = 2641F3D6286C6C0D00FE1FE4 /* Project object */;
}
